// !$*UTF8*$!
{
	archiveVersion = 1;
	classes = {
	};
	objectVersion = 50;
	objects = {

/* Begin PBXBuildFile section */
		D415515726055468009F5998 /* main.svg in Resources */ = {isa = PBXBuildFile; fileRef = D415515626055468009F5998 /* main.svg */; };
		D415515B26055A83009F5998 /* landmarkData.json in Resources */ = {isa = PBXBuildFile; fileRef = D415515A26055A83009F5998 /* landmarkData.json */; };
		D415515D26055AAA009F5998 /* Landmark.swift in Sources */ = {isa = PBXBuildFile; fileRef = D415515C26055AAA009F5998 /* Landmark.swift */; };
		D415517526055BD6009F5998 /* ModelData.swift in Sources */ = {isa = PBXBuildFile; fileRef = D415517426055BD6009F5998 /* ModelData.swift */; };
		D415517A26055C8F009F5998 /* HomeView.swift in Sources */ = {isa = PBXBuildFile; fileRef = D415517926055C8F009F5998 /* HomeView.swift */; };
		D415517C26056031009F5998 /* HomeList.swift in Sources */ = {isa = PBXBuildFile; fileRef = D415517B26056031009F5998 /* HomeList.swift */; };
		D415518226056DCE009F5998 /* MenuTabView.swift in Sources */ = {isa = PBXBuildFile; fileRef = D415518126056DCE009F5998 /* MenuTabView.swift */; };
		D41551842605716E009F5998 /* Stories.swift in Sources */ = {isa = PBXBuildFile; fileRef = D41551832605716E009F5998 /* Stories.swift */; };
		D4155186260575DA009F5998 /* StoriesView.swift in Sources */ = {isa = PBXBuildFile; fileRef = D4155185260575DA009F5998 /* StoriesView.swift */; };
		D415518826057661009F5998 /* ChatView.swift in Sources */ = {isa = PBXBuildFile; fileRef = D415518726057661009F5998 /* ChatView.swift */; };
		D49F5D5426063327001C3EC1 /* ProfileView.swift in Sources */ = {isa = PBXBuildFile; fileRef = D49F5D5326063327001C3EC1 /* ProfileView.swift */; };
		D49F5D5826063B81001C3EC1 /* MessageView.swift in Sources */ = {isa = PBXBuildFile; fileRef = D49F5D5726063B81001C3EC1 /* MessageView.swift */; };
		D4A03A812605EB1900E1BD91 /* StoriesList.swift in Sources */ = {isa = PBXBuildFile; fileRef = D4A03A802605EB1900E1BD91 /* StoriesList.swift */; };
		D4A03A832605EC2D00E1BD91 /* storiesData.json in Resources */ = {isa = PBXBuildFile; fileRef = D4A03A822605EC2D00E1BD91 /* storiesData.json */; };
		D4A03A872605F91F00E1BD91 /* SearchBar.swift in Sources */ = {isa = PBXBuildFile; fileRef = D4A03A862605F91E00E1BD91 /* SearchBar.swift */; };
		D4A03A892605FF4D00E1BD91 /* DetailStoriesView.swift in Sources */ = {isa = PBXBuildFile; fileRef = D4A03A882605FF4D00E1BD91 /* DetailStoriesView.swift */; };
		D4AC17B026054B69006DFCB7 /* AppDelegate.swift in Sources */ = {isa = PBXBuildFile; fileRef = D4AC17AF26054B69006DFCB7 /* AppDelegate.swift */; };
		D4AC17B226054B69006DFCB7 /* SceneDelegate.swift in Sources */ = {isa = PBXBuildFile; fileRef = D4AC17B126054B69006DFCB7 /* SceneDelegate.swift */; };
		D4AC17B426054B69006DFCB7 /* ContentView.swift in Sources */ = {isa = PBXBuildFile; fileRef = D4AC17B326054B69006DFCB7 /* ContentView.swift */; };
		D4AC17B626054B6B006DFCB7 /* Assets.xcassets in Resources */ = {isa = PBXBuildFile; fileRef = D4AC17B526054B6B006DFCB7 /* Assets.xcassets */; };
		D4AC17B926054B6B006DFCB7 /* Preview Assets.xcassets in Resources */ = {isa = PBXBuildFile; fileRef = D4AC17B826054B6B006DFCB7 /* Preview Assets.xcassets */; };
		D4AC17BC26054B6B006DFCB7 /* LaunchScreen.storyboard in Resources */ = {isa = PBXBuildFile; fileRef = D4AC17BA26054B6B006DFCB7 /* LaunchScreen.storyboard */; };
		D4BFDB3F26063E5D001FDCF1 /* ContentMessageView.swift in Sources */ = {isa = PBXBuildFile; fileRef = D4BFDB3E26063E5D001FDCF1 /* ContentMessageView.swift */; };
		D4BFDB4126063FFD001FDCF1 /* User.swift in Sources */ = {isa = PBXBuildFile; fileRef = D4BFDB4026063FFD001FDCF1 /* User.swift */; };
		D4BFDB4326064013001FDCF1 /* Message.swift in Sources */ = {isa = PBXBuildFile; fileRef = D4BFDB4226064013001FDCF1 /* Message.swift */; };
		D4BFDB4626065D3B001FDCF1 /* ViewExtension.swift in Sources */ = {isa = PBXBuildFile; fileRef = D4BFDB4526065D3B001FDCF1 /* ViewExtension.swift */; };
		D4BFDB4826065D76001FDCF1 /* KeyboardResponder.swift in Sources */ = {isa = PBXBuildFile; fileRef = D4BFDB4726065D76001FDCF1 /* KeyboardResponder.swift */; };
		D4BFDB4A26065D9A001FDCF1 /* ChatHelper.swift in Sources */ = {isa = PBXBuildFile; fileRef = D4BFDB4926065D9A001FDCF1 /* ChatHelper.swift */; };
		D4BFDB4C26065F15001FDCF1 /* ChatMessengerView.swift in Sources */ = {isa = PBXBuildFile; fileRef = D4BFDB4B26065F15001FDCF1 /* ChatMessengerView.swift */; };
/* End PBXBuildFile section */

/* Begin PBXFileReference section */
		D415515626055468009F5998 /* main.svg */ = {isa = PBXFileReference; lastKnownFileType = text; path = main.svg; sourceTree = SOURCE_ROOT; };
		D415515A26055A83009F5998 /* landmarkData.json */ = {isa = PBXFileReference; fileEncoding = 4; lastKnownFileType = text.json; path = landmarkData.json; sourceTree = "<group>"; };
		D415515C26055AAA009F5998 /* Landmark.swift */ = {isa = PBXFileReference; lastKnownFileType = sourcecode.swift; path = Landmark.swift; sourceTree = "<group>"; };
		D415517426055BD6009F5998 /* ModelData.swift */ = {isa = PBXFileReference; lastKnownFileType = sourcecode.swift; path = ModelData.swift; sourceTree = "<group>"; };
		D415517926055C8F009F5998 /* HomeView.swift */ = {isa = PBXFileReference; lastKnownFileType = sourcecode.swift; path = HomeView.swift; sourceTree = "<group>"; };
		D415517B26056031009F5998 /* HomeList.swift */ = {isa = PBXFileReference; lastKnownFileType = sourcecode.swift; path = HomeList.swift; sourceTree = "<group>"; };
		D415518126056DCE009F5998 /* MenuTabView.swift */ = {isa = PBXFileReference; lastKnownFileType = sourcecode.swift; path = MenuTabView.swift; sourceTree = "<group>"; };
		D41551832605716E009F5998 /* Stories.swift */ = {isa = PBXFileReference; lastKnownFileType = sourcecode.swift; path = Stories.swift; sourceTree = "<group>"; };
		D4155185260575DA009F5998 /* StoriesView.swift */ = {isa = PBXFileReference; lastKnownFileType = sourcecode.swift; path = StoriesView.swift; sourceTree = "<group>"; };
		D415518726057661009F5998 /* ChatView.swift */ = {isa = PBXFileReference; lastKnownFileType = sourcecode.swift; path = ChatView.swift; sourceTree = "<group>"; };
		D49F5D5326063327001C3EC1 /* ProfileView.swift */ = {isa = PBXFileReference; lastKnownFileType = sourcecode.swift; path = ProfileView.swift; sourceTree = "<group>"; };
		D49F5D5726063B81001C3EC1 /* MessageView.swift */ = {isa = PBXFileReference; lastKnownFileType = sourcecode.swift; path = MessageView.swift; sourceTree = "<group>"; };
		D4A03A802605EB1900E1BD91 /* StoriesList.swift */ = {isa = PBXFileReference; lastKnownFileType = sourcecode.swift; path = StoriesList.swift; sourceTree = "<group>"; };
		D4A03A822605EC2D00E1BD91 /* storiesData.json */ = {isa = PBXFileReference; lastKnownFileType = text.json; path = storiesData.json; sourceTree = "<group>"; };
		D4A03A862605F91E00E1BD91 /* SearchBar.swift */ = {isa = PBXFileReference; lastKnownFileType = sourcecode.swift; path = SearchBar.swift; sourceTree = "<group>"; };
		D4A03A882605FF4D00E1BD91 /* DetailStoriesView.swift */ = {isa = PBXFileReference; lastKnownFileType = sourcecode.swift; path = DetailStoriesView.swift; sourceTree = "<group>"; };
		D4AC17AC26054B69006DFCB7 /* Irito.app */ = {isa = PBXFileReference; explicitFileType = wrapper.application; includeInIndex = 0; path = Irito.app; sourceTree = BUILT_PRODUCTS_DIR; };
		D4AC17AF26054B69006DFCB7 /* AppDelegate.swift */ = {isa = PBXFileReference; lastKnownFileType = sourcecode.swift; path = AppDelegate.swift; sourceTree = "<group>"; };
		D4AC17B126054B69006DFCB7 /* SceneDelegate.swift */ = {isa = PBXFileReference; lastKnownFileType = sourcecode.swift; path = SceneDelegate.swift; sourceTree = "<group>"; };
		D4AC17B326054B69006DFCB7 /* ContentView.swift */ = {isa = PBXFileReference; lastKnownFileType = sourcecode.swift; path = ContentView.swift; sourceTree = "<group>"; };
		D4AC17B526054B6B006DFCB7 /* Assets.xcassets */ = {isa = PBXFileReference; lastKnownFileType = folder.assetcatalog; path = Assets.xcassets; sourceTree = "<group>"; };
		D4AC17B826054B6B006DFCB7 /* Preview Assets.xcassets */ = {isa = PBXFileReference; lastKnownFileType = folder.assetcatalog; path = "Preview Assets.xcassets"; sourceTree = "<group>"; };
		D4AC17BB26054B6B006DFCB7 /* Base */ = {isa = PBXFileReference; lastKnownFileType = file.storyboard; name = Base; path = Base.lproj/LaunchScreen.storyboard; sourceTree = "<group>"; };
		D4AC17BD26054B6B006DFCB7 /* Info.plist */ = {isa = PBXFileReference; lastKnownFileType = text.plist.xml; path = Info.plist; sourceTree = "<group>"; };
		D4BFDB3E26063E5D001FDCF1 /* ContentMessageView.swift */ = {isa = PBXFileReference; lastKnownFileType = sourcecode.swift; path = ContentMessageView.swift; sourceTree = "<group>"; };
		D4BFDB4026063FFD001FDCF1 /* User.swift */ = {isa = PBXFileReference; lastKnownFileType = sourcecode.swift; path = User.swift; sourceTree = "<group>"; };
		D4BFDB4226064013001FDCF1 /* Message.swift */ = {isa = PBXFileReference; lastKnownFileType = sourcecode.swift; path = Message.swift; sourceTree = "<group>"; };
		D4BFDB4526065D3B001FDCF1 /* ViewExtension.swift */ = {isa = PBXFileReference; lastKnownFileType = sourcecode.swift; path = ViewExtension.swift; sourceTree = "<group>"; };
		D4BFDB4726065D76001FDCF1 /* KeyboardResponder.swift */ = {isa = PBXFileReference; lastKnownFileType = sourcecode.swift; path = KeyboardResponder.swift; sourceTree = "<group>"; };
		D4BFDB4926065D9A001FDCF1 /* ChatHelper.swift */ = {isa = PBXFileReference; lastKnownFileType = sourcecode.swift; path = ChatHelper.swift; sourceTree = "<group>"; };
		D4BFDB4B26065F15001FDCF1 /* ChatMessengerView.swift */ = {isa = PBXFileReference; lastKnownFileType = sourcecode.swift; path = ChatMessengerView.swift; sourceTree = "<group>"; };
/* End PBXFileReference section */

/* Begin PBXFrameworksBuildPhase section */
		D4AC17A926054B69006DFCB7 /* Frameworks */ = {
			isa = PBXFrameworksBuildPhase;
			buildActionMask = 2147483647;
			files = (
			);
			runOnlyForDeploymentPostprocessing = 0;
		};
/* End PBXFrameworksBuildPhase section */

/* Begin PBXGroup section */
		D415517626055C18009F5998 /* Views */ = {
			isa = PBXGroup;
			children = (
				D4AC17B326054B69006DFCB7 /* ContentView.swift */,
				D415517926055C8F009F5998 /* HomeView.swift */,
				D415517B26056031009F5998 /* HomeList.swift */,
				D415518126056DCE009F5998 /* MenuTabView.swift */,
				D4155185260575DA009F5998 /* StoriesView.swift */,
				D415518726057661009F5998 /* ChatView.swift */,
				D4A03A802605EB1900E1BD91 /* StoriesList.swift */,
				D4A03A862605F91E00E1BD91 /* SearchBar.swift */,
				D4A03A882605FF4D00E1BD91 /* DetailStoriesView.swift */,
				D49F5D5326063327001C3EC1 /* ProfileView.swift */,
				D49F5D5726063B81001C3EC1 /* MessageView.swift */,
				D4BFDB3E26063E5D001FDCF1 /* ContentMessageView.swift */,
				D4BFDB4B26065F15001FDCF1 /* ChatMessengerView.swift */,
			);
			path = Views;
			sourceTree = "<group>";
		};
		D415517726055C29009F5998 /* Model */ = {
			isa = PBXGroup;
			children = (
				D415517426055BD6009F5998 /* ModelData.swift */,
				D415515C26055AAA009F5998 /* Landmark.swift */,
				D41551832605716E009F5998 /* Stories.swift */,
				D4BFDB4026063FFD001FDCF1 /* User.swift */,
				D4BFDB4226064013001FDCF1 /* Message.swift */,
			);
			path = Model;
			sourceTree = "<group>";
		};
		D415517826055C3A009F5998 /* Resources */ = {
			isa = PBXGroup;
			children = (
				D415515A26055A83009F5998 /* landmarkData.json */,
				D4A03A822605EC2D00E1BD91 /* storiesData.json */,
			);
			path = Resources;
			sourceTree = "<group>";
		};
		D4A03A7B2605E4B700E1BD91 /* Controllers */ = {
			isa = PBXGroup;
			children = (
			);
			path = Controllers;
			sourceTree = "<group>";
		};
		D4AC17A326054B69006DFCB7 = {
			isa = PBXGroup;
			children = (
				D4AC17AE26054B69006DFCB7 /* Irito */,
				D4AC17AD26054B69006DFCB7 /* Products */,
			);
			sourceTree = "<group>";
		};
		D4AC17AD26054B69006DFCB7 /* Products */ = {
			isa = PBXGroup;
			children = (
				D4AC17AC26054B69006DFCB7 /* Irito.app */,
			);
			name = Products;
			sourceTree = "<group>";
		};
		D4AC17AE26054B69006DFCB7 /* Irito */ = {
			isa = PBXGroup;
			children = (
				D4BFDB4426065D25001FDCF1 /* Helper */,
				D4A03A7B2605E4B700E1BD91 /* Controllers */,
				D415517826055C3A009F5998 /* Resources */,
				D415517726055C29009F5998 /* Model */,
				D415517626055C18009F5998 /* Views */,
				D4AC17AF26054B69006DFCB7 /* AppDelegate.swift */,
				D4AC17B126054B69006DFCB7 /* SceneDelegate.swift */,
				D4AC17B526054B6B006DFCB7 /* Assets.xcassets */,
				D4AC17BA26054B6B006DFCB7 /* LaunchScreen.storyboard */,
				D4AC17BD26054B6B006DFCB7 /* Info.plist */,
				D4AC17B726054B6B006DFCB7 /* Preview Content */,
			);
			path = Irito;
			sourceTree = "<group>";
		};
		D4AC17B726054B6B006DFCB7 /* Preview Content */ = {
			isa = PBXGroup;
			children = (
				D4AC17B826054B6B006DFCB7 /* Preview Assets.xcassets */,
				D415515626055468009F5998 /* main.svg */,
			);
			path = "Preview Content";
			sourceTree = "<group>";
		};
		D4BFDB4426065D25001FDCF1 /* Helper */ = {
			isa = PBXGroup;
			children = (
				D4BFDB4526065D3B001FDCF1 /* ViewExtension.swift */,
				D4BFDB4726065D76001FDCF1 /* KeyboardResponder.swift */,
				D4BFDB4926065D9A001FDCF1 /* ChatHelper.swift */,
			);
			path = Helper;
			sourceTree = "<group>";
		};
/* End PBXGroup section */

/* Begin PBXNativeTarget section */
		D4AC17AB26054B69006DFCB7 /* Irito */ = {
			isa = PBXNativeTarget;
			buildConfigurationList = D4AC17C026054B6B006DFCB7 /* Build configuration list for PBXNativeTarget "Irito" */;
			buildPhases = (
				D4AC17A826054B69006DFCB7 /* Sources */,
				D4AC17A926054B69006DFCB7 /* Frameworks */,
				D4AC17AA26054B69006DFCB7 /* Resources */,
			);
			buildRules = (
			);
			dependencies = (
			);
			name = Irito;
			productName = Irito;
			productReference = D4AC17AC26054B69006DFCB7 /* Irito.app */;
			productType = "com.apple.product-type.application";
		};
/* End PBXNativeTarget section */

/* Begin PBXProject section */
		D4AC17A426054B69006DFCB7 /* Project object */ = {
			isa = PBXProject;
			attributes = {
				LastSwiftUpdateCheck = 1100;
				LastUpgradeCheck = 1100;
				ORGANIZATIONNAME = "Madina Saparbayeva";
				TargetAttributes = {
					D4AC17AB26054B69006DFCB7 = {
						CreatedOnToolsVersion = 11.0;
					};
				};
			};
			buildConfigurationList = D4AC17A726054B69006DFCB7 /* Build configuration list for PBXProject "Irito" */;
			compatibilityVersion = "Xcode 9.3";
			developmentRegion = en;
			hasScannedForEncodings = 0;
			knownRegions = (
				en,
				Base,
			);
			mainGroup = D4AC17A326054B69006DFCB7;
			productRefGroup = D4AC17AD26054B69006DFCB7 /* Products */;
			projectDirPath = "";
			projectRoot = "";
			targets = (
				D4AC17AB26054B69006DFCB7 /* Irito */,
			);
		};
/* End PBXProject section */

/* Begin PBXResourcesBuildPhase section */
		D4AC17AA26054B69006DFCB7 /* Resources */ = {
			isa = PBXResourcesBuildPhase;
			buildActionMask = 2147483647;
			files = (
				D4AC17BC26054B6B006DFCB7 /* LaunchScreen.storyboard in Resources */,
				D4AC17B926054B6B006DFCB7 /* Preview Assets.xcassets in Resources */,
				D4AC17B626054B6B006DFCB7 /* Assets.xcassets in Resources */,
				D4A03A832605EC2D00E1BD91 /* storiesData.json in Resources */,
				D415515B26055A83009F5998 /* landmarkData.json in Resources */,
				D415515726055468009F5998 /* main.svg in Resources */,
			);
			runOnlyForDeploymentPostprocessing = 0;
		};
/* End PBXResourcesBuildPhase section */

/* Begin PBXSourcesBuildPhase section */
		D4AC17A826054B69006DFCB7 /* Sources */ = {
			isa = PBXSourcesBuildPhase;
			buildActionMask = 2147483647;
			files = (
				D4A03A872605F91F00E1BD91 /* SearchBar.swift in Sources */,
				D4A03A892605FF4D00E1BD91 /* DetailStoriesView.swift in Sources */,
				D4BFDB4826065D76001FDCF1 /* KeyboardResponder.swift in Sources */,
				D41551842605716E009F5998 /* Stories.swift in Sources */,
				D415517C26056031009F5998 /* HomeList.swift in Sources */,
				D4AC17B026054B69006DFCB7 /* AppDelegate.swift in Sources */,
				D49F5D5826063B81001C3EC1 /* MessageView.swift in Sources */,
				D4BFDB3F26063E5D001FDCF1 /* ContentMessageView.swift in Sources */,
				D4BFDB4326064013001FDCF1 /* Message.swift in Sources */,
				D4AC17B226054B69006DFCB7 /* SceneDelegate.swift in Sources */,
				D415518826057661009F5998 /* ChatView.swift in Sources */,
				D49F5D5426063327001C3EC1 /* ProfileView.swift in Sources */,
				D415518226056DCE009F5998 /* MenuTabView.swift in Sources */,
				D4BFDB4A26065D9A001FDCF1 /* ChatHelper.swift in Sources */,
				D415517526055BD6009F5998 /* ModelData.swift in Sources */,
				D4155186260575DA009F5998 /* StoriesView.swift in Sources */,
				D4BFDB4626065D3B001FDCF1 /* ViewExtension.swift in Sources */,
				D415517A26055C8F009F5998 /* HomeView.swift in Sources */,
				D4A03A812605EB1900E1BD91 /* StoriesList.swift in Sources */,
				D4AC17B426054B69006DFCB7 /* ContentView.swift in Sources */,
				D4BFDB4C26065F15001FDCF1 /* ChatMessengerView.swift in Sources */,
				D415515D26055AAA009F5998 /* Landmark.swift in Sources */,
				D4BFDB4126063FFD001FDCF1 /* User.swift in Sources */,
			);
			runOnlyForDeploymentPostprocessing = 0;
		};
/* End PBXSourcesBuildPhase section */

/* Begin PBXVariantGroup section */
		D4AC17BA26054B6B006DFCB7 /* LaunchScreen.storyboard */ = {
			isa = PBXVariantGroup;
			children = (
				D4AC17BB26054B6B006DFCB7 /* Base */,
			);
			name = LaunchScreen.storyboard;
			sourceTree = "<group>";
		};
/* End PBXVariantGroup section */

/* Begin XCBuildConfiguration section */
		D4AC17BE26054B6B006DFCB7 /* Debug */ = {
			isa = XCBuildConfiguration;
			buildSettings = {
				ALWAYS_SEARCH_USER_PATHS = NO;
				CLANG_ANALYZER_NONNULL = YES;
				CLANG_ANALYZER_NUMBER_OBJECT_CONVERSION = YES_AGGRESSIVE;
				CLANG_CXX_LANGUAGE_STANDARD = "gnu++14";
				CLANG_CXX_LIBRARY = "libc++";
				CLANG_ENABLE_MODULES = YES;
				CLANG_ENABLE_OBJC_ARC = YES;
				CLANG_ENABLE_OBJC_WEAK = YES;
				CLANG_WARN_BLOCK_CAPTURE_AUTORELEASING = YES;
				CLANG_WARN_BOOL_CONVERSION = YES;
				CLANG_WARN_COMMA = YES;
				CLANG_WARN_CONSTANT_CONVERSION = YES;
				CLANG_WARN_DEPRECATED_OBJC_IMPLEMENTATIONS = YES;
				CLANG_WARN_DIRECT_OBJC_ISA_USAGE = YES_ERROR;
				CLANG_WARN_DOCUMENTATION_COMMENTS = YES;
				CLANG_WARN_EMPTY_BODY = YES;
				CLANG_WARN_ENUM_CONVERSION = YES;
				CLANG_WARN_INFINITE_RECURSION = YES;
				CLANG_WARN_INT_CONVERSION = YES;
				CLANG_WARN_NON_LITERAL_NULL_CONVERSION = YES;
				CLANG_WARN_OBJC_IMPLICIT_RETAIN_SELF = YES;
				CLANG_WARN_OBJC_LITERAL_CONVERSION = YES;
				CLANG_WARN_OBJC_ROOT_CLASS = YES_ERROR;
				CLANG_WARN_RANGE_LOOP_ANALYSIS = YES;
				CLANG_WARN_STRICT_PROTOTYPES = YES;
				CLANG_WARN_SUSPICIOUS_MOVE = YES;
				CLANG_WARN_UNGUARDED_AVAILABILITY = YES_AGGRESSIVE;
				CLANG_WARN_UNREACHABLE_CODE = YES;
				CLANG_WARN__DUPLICATE_METHOD_MATCH = YES;
				COPY_PHASE_STRIP = NO;
				DEBUG_INFORMATION_FORMAT = dwarf;
				ENABLE_STRICT_OBJC_MSGSEND = YES;
				ENABLE_TESTABILITY = YES;
				GCC_C_LANGUAGE_STANDARD = gnu11;
				GCC_DYNAMIC_NO_PIC = NO;
				GCC_NO_COMMON_BLOCKS = YES;
				GCC_OPTIMIZATION_LEVEL = 0;
				GCC_PREPROCESSOR_DEFINITIONS = (
					"DEBUG=1",
					"$(inherited)",
				);
				GCC_WARN_64_TO_32_BIT_CONVERSION = YES;
				GCC_WARN_ABOUT_RETURN_TYPE = YES_ERROR;
				GCC_WARN_UNDECLARED_SELECTOR = YES;
				GCC_WARN_UNINITIALIZED_AUTOS = YES_AGGRESSIVE;
				GCC_WARN_UNUSED_FUNCTION = YES;
				GCC_WARN_UNUSED_VARIABLE = YES;
				IPHONEOS_DEPLOYMENT_TARGET = 13.0;
				MTL_ENABLE_DEBUG_INFO = INCLUDE_SOURCE;
				MTL_FAST_MATH = YES;
				ONLY_ACTIVE_ARCH = YES;
				SDKROOT = iphoneos;
				SWIFT_ACTIVE_COMPILATION_CONDITIONS = DEBUG;
				SWIFT_OPTIMIZATION_LEVEL = "-Onone";
			};
			name = Debug;
		};
		D4AC17BF26054B6B006DFCB7 /* Release */ = {
			isa = XCBuildConfiguration;
			buildSettings = {
				ALWAYS_SEARCH_USER_PATHS = NO;
				CLANG_ANALYZER_NONNULL = YES;
				CLANG_ANALYZER_NUMBER_OBJECT_CONVERSION = YES_AGGRESSIVE;
				CLANG_CXX_LANGUAGE_STANDARD = "gnu++14";
				CLANG_CXX_LIBRARY = "libc++";
				CLANG_ENABLE_MODULES = YES;
				CLANG_ENABLE_OBJC_ARC = YES;
				CLANG_ENABLE_OBJC_WEAK = YES;
				CLANG_WARN_BLOCK_CAPTURE_AUTORELEASING = YES;
				CLANG_WARN_BOOL_CONVERSION = YES;
				CLANG_WARN_COMMA = YES;
				CLANG_WARN_CONSTANT_CONVERSION = YES;
				CLANG_WARN_DEPRECATED_OBJC_IMPLEMENTATIONS = YES;
				CLANG_WARN_DIRECT_OBJC_ISA_USAGE = YES_ERROR;
				CLANG_WARN_DOCUMENTATION_COMMENTS = YES;
				CLANG_WARN_EMPTY_BODY = YES;
				CLANG_WARN_ENUM_CONVERSION = YES;
				CLANG_WARN_INFINITE_RECURSION = YES;
				CLANG_WARN_INT_CONVERSION = YES;
				CLANG_WARN_NON_LITERAL_NULL_CONVERSION = YES;
				CLANG_WARN_OBJC_IMPLICIT_RETAIN_SELF = YES;
				CLANG_WARN_OBJC_LITERAL_CONVERSION = YES;
				CLANG_WARN_OBJC_ROOT_CLASS = YES_ERROR;
				CLANG_WARN_RANGE_LOOP_ANALYSIS = YES;
				CLANG_WARN_STRICT_PROTOTYPES = YES;
				CLANG_WARN_SUSPICIOUS_MOVE = YES;
				CLANG_WARN_UNGUARDED_AVAILABILITY = YES_AGGRESSIVE;
				CLANG_WARN_UNREACHABLE_CODE = YES;
				CLANG_WARN__DUPLICATE_METHOD_MATCH = YES;
				COPY_PHASE_STRIP = NO;
				DEBUG_INFORMATION_FORMAT = "dwarf-with-dsym";
				ENABLE_NS_ASSERTIONS = NO;
				ENABLE_STRICT_OBJC_MSGSEND = YES;
				GCC_C_LANGUAGE_STANDARD = gnu11;
				GCC_NO_COMMON_BLOCKS = YES;
				GCC_WARN_64_TO_32_BIT_CONVERSION = YES;
				GCC_WARN_ABOUT_RETURN_TYPE = YES_ERROR;
				GCC_WARN_UNDECLARED_SELECTOR = YES;
				GCC_WARN_UNINITIALIZED_AUTOS = YES_AGGRESSIVE;
				GCC_WARN_UNUSED_FUNCTION = YES;
				GCC_WARN_UNUSED_VARIABLE = YES;
				IPHONEOS_DEPLOYMENT_TARGET = 13.0;
				MTL_ENABLE_DEBUG_INFO = NO;
				MTL_FAST_MATH = YES;
				SDKROOT = iphoneos;
				SWIFT_COMPILATION_MODE = wholemodule;
				SWIFT_OPTIMIZATION_LEVEL = "-O";
				VALIDATE_PRODUCT = YES;
			};
			name = Release;
		};
		D4AC17C126054B6B006DFCB7 /* Debug */ = {
			isa = XCBuildConfiguration;
			buildSettings = {
				ASSETCATALOG_COMPILER_APPICON_NAME = AppIcon;
				CODE_SIGN_STYLE = Automatic;
				DEVELOPMENT_ASSET_PATHS = "\"Irito/Preview Content\"";
				DEVELOPMENT_TEAM = RQ698KJJCT;
				ENABLE_PREVIEWS = YES;
				INFOPLIST_FILE = Irito/Info.plist;
				LD_RUNPATH_SEARCH_PATHS = (
					"$(inherited)",
					"@executable_path/Frameworks",
				);
				PRODUCT_BUNDLE_IDENTIFIER = com.madina.Irito;
				PRODUCT_NAME = "$(TARGET_NAME)";
				SWIFT_VERSION = 5.0;
				TARGETED_DEVICE_FAMILY = "1,2";
			};
			name = Debug;
		};
		D4AC17C226054B6B006DFCB7 /* Release */ = {
			isa = XCBuildConfiguration;
			buildSettings = {
				ASSETCATALOG_COMPILER_APPICON_NAME = AppIcon;
				CODE_SIGN_STYLE = Automatic;
				DEVELOPMENT_ASSET_PATHS = "\"Irito/Preview Content\"";
				DEVELOPMENT_TEAM = RQ698KJJCT;
				ENABLE_PREVIEWS = YES;
				INFOPLIST_FILE = Irito/Info.plist;
				LD_RUNPATH_SEARCH_PATHS = (
					"$(inherited)",
					"@executable_path/Frameworks",
				);
				PRODUCT_BUNDLE_IDENTIFIER = com.madina.Irito;
				PRODUCT_NAME = "$(TARGET_NAME)";
				SWIFT_VERSION = 5.0;
				TARGETED_DEVICE_FAMILY = "1,2";
			};
			name = Release;
		};
/* End XCBuildConfiguration section */

/* Begin XCConfigurationList section */
		D4AC17A726054B69006DFCB7 /* Build configuration list for PBXProject "Irito" */ = {
			isa = XCConfigurationList;
			buildConfigurations = (
				D4AC17BE26054B6B006DFCB7 /* Debug */,
				D4AC17BF26054B6B006DFCB7 /* Release */,
			);
			defaultConfigurationIsVisible = 0;
			defaultConfigurationName = Release;
		};
		D4AC17C026054B6B006DFCB7 /* Build configuration list for PBXNativeTarget "Irito" */ = {
			isa = XCConfigurationList;
			buildConfigurations = (
				D4AC17C126054B6B006DFCB7 /* Debug */,
				D4AC17C226054B6B006DFCB7 /* Release */,
			);
			defaultConfigurationIsVisible = 0;
			defaultConfigurationName = Release;
		};
/* End XCConfigurationList section */
	};
	rootObject = D4AC17A426054B69006DFCB7 /* Project object */;
}
